
Microsoft Visual Studio Solution File, Format Version 12.00
# Visual Studio Version 17
VisualStudioVersion = 17.7.34202.233
MinimumVisualStudioVersion = 10.0.40219.1
Project("{FAE04EC0-301F-11D3-BF4B-00C04F79EFBC}") = "Desafio.Mereo", "Desafio.Mereo\Desafio.Mereo.csproj", "{76406AD9-F732-40FE-A8C0-ED03776F537E}"
EndProject
Global
	GlobalSection(SolutionConfigurationPlatforms) = preSolution
		Debug|Any CPU = Debug|Any CPU
		Release|Any CPU = Release|Any CPU
	EndGlobalSection
	GlobalSection(ProjectConfigurationPlatforms) = postSolution
		{76406AD9-F732-40FE-A8C0-ED03776F537E}.Debug|Any CPU.ActiveCfg = Debug|Any CPU
		{76406AD9-F732-40FE-A8C0-ED03776F537E}.Debug|Any CPU.Build.0 = Debug|Any CPU
		{76406AD9-F732-40FE-A8C0-ED03776F537E}.Release|Any CPU.ActiveCfg = Release|Any CPU
		{76406AD9-F732-40FE-A8C0-ED03776F537E}.Release|Any CPU.Build.0 = Release|Any CPU
	EndGlobalSection
	GlobalSection(SolutionProperties) = preSolution
		HideSolutionNode = FALSE
	EndGlobalSection
	GlobalSection(ExtensibilityGlobals) = postSolution
		SolutionGuid = {91F88B7F-14A9-4D6F-B5EF-83137063DC7C}
	EndGlobalSection
EndGlobal
